{
  "version": 4,
  "terraform_version": "1.0.6",
  "serial": 24,
  "lineage": "3a119f43-d572-9a96-d078-1a5803a7a9d2",
  "outputs": {},
  "resources": [
    {
      "mode": "data",
      "type": "oci_identity_availability_domains",
      "name": "ads",
      "provider": "provider[\"registry.terraform.io/hashicorp/oci\"]",
      "instances": [
        {
          "schema_version": 0,
          "attributes": {
            "availability_domains": [
              {
                "compartment_id": "ocid1.tenancy.oc1..aaaaaaaarzshiuiwoc22qsupvuwnx32z7i3cpcpvd3j2bsn5ecmd6ca5faqq",
                "id": "ocid1.availabilitydomain.oc1..aaaaaaaaztunlny6ae4yw2vghp5go2zceaonwp6wiioe3tnh2vlaxjjl2n3a",
                "name": "lKgo:US-ASHBURN-AD-1"
              },
              {
                "compartment_id": "ocid1.tenancy.oc1..aaaaaaaarzshiuiwoc22qsupvuwnx32z7i3cpcpvd3j2bsn5ecmd6ca5faqq",
                "id": "ocid1.availabilitydomain.oc1..aaaaaaaauvt2n7pijol7uqgdnnsoojcukrijtmcltvfwxazmitk235wyohta",
                "name": "lKgo:US-ASHBURN-AD-2"
              },
              {
                "compartment_id": "ocid1.tenancy.oc1..aaaaaaaarzshiuiwoc22qsupvuwnx32z7i3cpcpvd3j2bsn5ecmd6ca5faqq",
                "id": "ocid1.availabilitydomain.oc1..aaaaaaaatrwxaogr7dl4yschqtrmqrdv6uzis3mgbnomiagqrfhcb7mxsfdq",
                "name": "lKgo:US-ASHBURN-AD-3"
              }
            ],
            "compartment_id": "ocid1.tenancy.oc1..aaaaaaaarzshiuiwoc22qsupvuwnx32z7i3cpcpvd3j2bsn5ecmd6ca5faqq",
            "filter": null,
            "id": "IdentityAvailabilityDomainsDataSource-3143387611"
          },
          "sensitive_attributes": []
        }
      ]
    },
    {
      "module": "module.Compute",
      "mode": "managed",
      "type": "oci_core_instance",
      "name": "bastions",
      "provider": "provider[\"registry.terraform.io/hashicorp/oci\"]",
      "instances": [
        {
          "index_key": "bastion",
          "schema_version": 0,
          "attributes": {
            "agent_config": [
              {
                "are_all_plugins_disabled": false,
                "is_management_disabled": false,
                "is_monitoring_disabled": false,
                "plugins_config": [
                  {
                    "desired_state": "ENABLED",
                    "name": "Custom Logs Monitoring"
                  },
                  {
                    "desired_state": "ENABLED",
                    "name": "Compute Instance Monitoring"
                  },
                  {
                    "desired_state": "ENABLED",
                    "name": "Bastion"
                  }
                ]
              }
            ],
            "availability_config": [
              {
                "is_live_migration_preferred": false,
                "recovery_action": "RESTORE_INSTANCE"
              }
            ],
            "availability_domain": "lKgo:US-ASHBURN-AD-3",
            "boot_volume_id": "ocid1.bootvolume.oc1.iad.abuwcljtjz2ljyijofk2i3x3n6kdumcqfilpkpr67ofaspx3rvrryb5llcpq",
            "capacity_reservation_id": null,
            "compartment_id": "ocid1.compartment.oc1..aaaaaaaae77eem3m6fay7yhd6mrrn7i3i5lsireicwr37gv4lue7caba57ua",
            "create_vnic_details": [
              {
                "assign_private_dns_record": false,
                "assign_public_ip": "true",
                "defined_tags": {
                  "Oracle-Tags.CreatedBy": "oracleidentitycloudservice/eperezlarosa@outlook.com",
                  "Oracle-Tags.CreatedOn": "2021-09-20T08:10:09.373Z"
                },
                "display_name": "vnic20210920081016",
                "freeform_tags": {},
                "hostname_label": "",
                "nsg_ids": null,
                "private_ip": "172.168.0.5",
                "skip_source_dest_check": false,
                "subnet_id": "ocid1.subnet.oc1.iad.aaaaaaaa27jdpazzolc5it6nuxj4x6ga2njujrwwqz3zktcxb5oskmapld7q",
                "vlan_id": ""
              }
            ],
            "dedicated_vm_host_id": null,
            "defined_tags": {
              "Oracle-Tags.CreatedBy": "oracleidentitycloudservice/eperezlarosa@outlook.com",
              "Oracle-Tags.CreatedOn": "2021-09-20T08:10:08.893Z"
            },
            "display_name": "bastionServer",
            "extended_metadata": null,
            "fault_domain": "FAULT-DOMAIN-1",
            "freeform_tags": {},
            "hostname_label": "",
            "id": "ocid1.instance.oc1.iad.anuwcljtdtunf7qc2ozf3w6sz7xbuymk6vzgzk47qchql5wl3pgrjlqohv5q",
            "image": "ocid1.image.oc1.iad.aaaaaaaakdybjqysepqx2iwne24uxdx4apzdcn2ll7kd66a52fgs7w4mz3vq",
            "instance_options": [
              {
                "are_legacy_imds_endpoints_disabled": false
              }
            ],
            "ipxe_script": null,
            "is_pv_encryption_in_transit_enabled": true,
            "launch_mode": "PARAVIRTUALIZED",
            "launch_options": [
              {
                "boot_volume_type": "PARAVIRTUALIZED",
                "firmware": "UEFI_64",
                "is_consistent_volume_naming_enabled": true,
                "is_pv_encryption_in_transit_enabled": true,
                "network_type": "PARAVIRTUALIZED",
                "remote_data_volume_type": "PARAVIRTUALIZED"
              }
            ],
            "metadata": {
              "ssh_authorized_keys": "ssh-rsa AAAAB3NzaC1yc2EAAAADAQABAAABgQDP6U5B+gimwwciJN+HpZH0/drAsz4pXpt0XTR7lPFnNbFOk4lAVXTWz4qvc6zQbKaDI+NiD2sYjKTHcGy7mbN3+IaiBKd/dlp6xK3XweASjUwoSjfDhlcTXzlWe+2JfqKFkd98l5g3sva37b9qjhLbk4fm02AAIbDGyDxMFycmyggMv0yFzK9hub0Kgdij62Li6sUa60120jO/ROv/98z2b0A+iQbLf8b2NT/JNXUc+eBBDGvqfJr9FwmffQANehNKKSk4xRAk8nwRZ9zUgKFPBX5TNtDV+/U2KvHljf75U8upfmzVhJb00il5GG5zEsWNYy7QJ4cJ9h5UnXhDvwG0UOs3AByrKIiYm4yjFbpqhdU4qoYsXrok+BtYAoxnxSxUXidu80rkc5BtBdKsQqwpga/EESfoB2HxUuPCuYarLU0l95NH81XD7pH8jHazOlPJNtwh7Ym9rsiLcOUvoWQgTZBbzgi0Mr7FKscSLsDX09ZN3+z7dDDCY6AAjz4/m2M= ernie_py@challenger\n"
            },
            "platform_config": [],
            "preemptible_instance_config": [],
            "preserve_boot_volume": null,
            "private_ip": "172.168.0.5",
            "public_ip": "150.136.175.0",
            "region": "iad",
            "shape": "VM.Standard.E2.1.Micro",
            "shape_config": [
              {
                "baseline_ocpu_utilization": "",
                "gpu_description": "",
                "gpus": 0,
                "local_disk_description": "",
                "local_disks": 0,
                "local_disks_total_size_in_gbs": 0,
                "max_vnic_attachments": 1,
                "memory_in_gbs": 1,
                "networking_bandwidth_in_gbps": 0.47999998927116394,
                "ocpus": 1,
                "processor_description": "2.0 GHz AMD EPYC™ 7551 (Naples)"
              }
            ],
            "source_details": [
              {
                "boot_volume_size_in_gbs": "47",
                "kms_key_id": "",
                "source_id": "ocid1.image.oc1.iad.aaaaaaaakdybjqysepqx2iwne24uxdx4apzdcn2ll7kd66a52fgs7w4mz3vq",
                "source_type": "image"
              }
            ],
            "state": "RUNNING",
            "subnet_id": "ocid1.subnet.oc1.iad.aaaaaaaa27jdpazzolc5it6nuxj4x6ga2njujrwwqz3zktcxb5oskmapld7q",
            "system_tags": {
              "orcl-cloud.free-tier-retained": "true"
            },
            "time_created": "2021-09-20 08:10:10.009 +0000 UTC",
            "time_maintenance_reboot_due": "",
            "timeouts": null
          },
          "sensitive_attributes": [],
          "private": "eyJlMmJmYjczMC1lY2FhLTExZTYtOGY4OC0zNDM2M2JjN2M0YzAiOnsiY3JlYXRlIjoyNzAwMDAwMDAwMDAwLCJkZWxldGUiOjQ1MDAwMDAwMDAwMDAsInVwZGF0ZSI6MjcwMDAwMDAwMDAwMH19",
          "dependencies": [
            "data.oci_identity_availability_domains.ads",
            "module.Identity.oci_identity_compartment.compartments",
            "module.Networking.oci_core_subnet.bastion_subnets",
            "module.Networking.oci_core_vcn.vcns"
          ]
        }
      ]
    },
    {
      "module": "module.Compute",
      "mode": "managed",
      "type": "oci_core_instance",
      "name": "servers",
      "provider": "provider[\"registry.terraform.io/hashicorp/oci\"]",
      "instances": [
        {
          "index_key": "app",
          "schema_version": 0,
          "attributes": {
            "agent_config": [
              {
                "are_all_plugins_disabled": false,
                "is_management_disabled": false,
                "is_monitoring_disabled": false,
                "plugins_config": [
                  {
                    "desired_state": "DISABLED",
                    "name": "Vulnerability Scanning"
                  },
                  {
                    "desired_state": "ENABLED",
                    "name": "Compute Instance Monitoring"
                  },
                  {
                    "desired_state": "ENABLED",
                    "name": "Bastion"
                  }
                ]
              }
            ],
            "availability_config": [
              {
                "is_live_migration_preferred": false,
                "recovery_action": "RESTORE_INSTANCE"
              }
            ],
            "availability_domain": "lKgo:US-ASHBURN-AD-3",
            "boot_volume_id": "ocid1.bootvolume.oc1.iad.abuwcljtmu5v2clqdhlr72mdpc6o3nevokz5of4thfsvwhxuyvhofbyye5gq",
            "capacity_reservation_id": null,
            "compartment_id": "ocid1.compartment.oc1..aaaaaaaagis7niz6nxbdgyemyvg6fq3hex4raco27ma7o2eapbopyx4apdla",
            "create_vnic_details": [
              {
                "assign_private_dns_record": true,
                "assign_public_ip": "true",
                "defined_tags": {
                  "Oracle-Tags.CreatedBy": "oracleidentitycloudservice/eperezlarosa@outlook.com",
                  "Oracle-Tags.CreatedOn": "2021-09-20T08:10:10.383Z"
                },
                "display_name": "appServer",
                "freeform_tags": {},
                "hostname_label": "",
                "nsg_ids": null,
                "private_ip": "10.0.0.228",
                "skip_source_dest_check": false,
                "subnet_id": "ocid1.subnet.oc1.iad.aaaaaaaaylf3ubgcwrziqmfwaqi4tu2fwhqptgl4zegyzzb4ft4x7lgp7e7q",
                "vlan_id": ""
              }
            ],
            "dedicated_vm_host_id": null,
            "defined_tags": {
              "Oracle-Tags.CreatedBy": "oracleidentitycloudservice/eperezlarosa@outlook.com",
              "Oracle-Tags.CreatedOn": "2021-09-20T08:10:10.226Z"
            },
            "display_name": "appServer",
            "extended_metadata": null,
            "fault_domain": "FAULT-DOMAIN-1",
            "freeform_tags": {},
            "hostname_label": "",
            "id": "ocid1.instance.oc1.iad.anuwcljtdtunf7qcuz6ph7hzlbrhdy34fs3utw2psxj7efvcewhbhs2g4z4q",
            "image": "ocid1.image.oc1.iad.aaaaaaaakdybjqysepqx2iwne24uxdx4apzdcn2ll7kd66a52fgs7w4mz3vq",
            "instance_options": [
              {
                "are_legacy_imds_endpoints_disabled": false
              }
            ],
            "ipxe_script": null,
            "is_pv_encryption_in_transit_enabled": true,
            "launch_mode": "PARAVIRTUALIZED",
            "launch_options": [
              {
                "boot_volume_type": "PARAVIRTUALIZED",
                "firmware": "UEFI_64",
                "is_consistent_volume_naming_enabled": true,
                "is_pv_encryption_in_transit_enabled": true,
                "network_type": "PARAVIRTUALIZED",
                "remote_data_volume_type": "PARAVIRTUALIZED"
              }
            ],
            "metadata": {
              "ssh_authorized_keys": "ssh-rsa AAAAB3NzaC1yc2EAAAADAQABAAABgQDP6U5B+gimwwciJN+HpZH0/drAsz4pXpt0XTR7lPFnNbFOk4lAVXTWz4qvc6zQbKaDI+NiD2sYjKTHcGy7mbN3+IaiBKd/dlp6xK3XweASjUwoSjfDhlcTXzlWe+2JfqKFkd98l5g3sva37b9qjhLbk4fm02AAIbDGyDxMFycmyggMv0yFzK9hub0Kgdij62Li6sUa60120jO/ROv/98z2b0A+iQbLf8b2NT/JNXUc+eBBDGvqfJr9FwmffQANehNKKSk4xRAk8nwRZ9zUgKFPBX5TNtDV+/U2KvHljf75U8upfmzVhJb00il5GG5zEsWNYy7QJ4cJ9h5UnXhDvwG0UOs3AByrKIiYm4yjFbpqhdU4qoYsXrok+BtYAoxnxSxUXidu80rkc5BtBdKsQqwpga/EESfoB2HxUuPCuYarLU0l95NH81XD7pH8jHazOlPJNtwh7Ym9rsiLcOUvoWQgTZBbzgi0Mr7FKscSLsDX09ZN3+z7dDDCY6AAjz4/m2M= ernie_py@challenger\n"
            },
            "platform_config": [],
            "preemptible_instance_config": [],
            "preserve_boot_volume": null,
            "private_ip": "10.0.0.228",
            "public_ip": "158.101.112.134",
            "region": "iad",
            "shape": "VM.Standard.E2.1.Micro",
            "shape_config": [
              {
                "baseline_ocpu_utilization": "",
                "gpu_description": "",
                "gpus": 0,
                "local_disk_description": "",
                "local_disks": 0,
                "local_disks_total_size_in_gbs": 0,
                "max_vnic_attachments": 1,
                "memory_in_gbs": 1,
                "networking_bandwidth_in_gbps": 0.47999998927116394,
                "ocpus": 1,
                "processor_description": "2.0 GHz AMD EPYC™ 7551 (Naples)"
              }
            ],
            "source_details": [
              {
                "boot_volume_size_in_gbs": "47",
                "kms_key_id": "",
                "source_id": "ocid1.image.oc1.iad.aaaaaaaakdybjqysepqx2iwne24uxdx4apzdcn2ll7kd66a52fgs7w4mz3vq",
                "source_type": "image"
              }
            ],
            "state": "RUNNING",
            "subnet_id": "ocid1.subnet.oc1.iad.aaaaaaaaylf3ubgcwrziqmfwaqi4tu2fwhqptgl4zegyzzb4ft4x7lgp7e7q",
            "system_tags": {
              "orcl-cloud.free-tier-retained": "true"
            },
            "time_created": "2021-09-20 08:10:10.819 +0000 UTC",
            "time_maintenance_reboot_due": "",
            "timeouts": null
          },
          "sensitive_attributes": [],
          "private": "eyJlMmJmYjczMC1lY2FhLTExZTYtOGY4OC0zNDM2M2JjN2M0YzAiOnsiY3JlYXRlIjoyNzAwMDAwMDAwMDAwLCJkZWxldGUiOjQ1MDAwMDAwMDAwMDAsInVwZGF0ZSI6MjcwMDAwMDAwMDAwMH19",
          "dependencies": [
            "data.oci_identity_availability_domains.ads",
            "module.Identity.oci_identity_compartment.compartments",
            "module.Networking.oci_core_subnet.app_subnets",
            "module.Networking.oci_core_vcn.vcns"
          ]
        },
        {
          "index_key": "grafana",
          "schema_version": 0,
          "attributes": {
            "agent_config": [
              {
                "are_all_plugins_disabled": false,
                "is_management_disabled": false,
                "is_monitoring_disabled": false,
                "plugins_config": [
                  {
                    "desired_state": "DISABLED",
                    "name": "Vulnerability Scanning"
                  },
                  {
                    "desired_state": "ENABLED",
                    "name": "Compute Instance Monitoring"
                  },
                  {
                    "desired_state": "ENABLED",
                    "name": "Bastion"
                  }
                ]
              }
            ],
            "availability_config": [
              {
                "is_live_migration_preferred": false,
                "recovery_action": "RESTORE_INSTANCE"
              }
            ],
            "availability_domain": "lKgo:US-ASHBURN-AD-3",
            "boot_volume_id": "ocid1.bootvolume.oc1.iad.abuwcljtc3kipanqlcmrwqihgskuwub4js6mzugwbvwvrw6weuwwzxjjasla",
            "capacity_reservation_id": null,
            "compartment_id": "ocid1.compartment.oc1..aaaaaaaagis7niz6nxbdgyemyvg6fq3hex4raco27ma7o2eapbopyx4apdla",
            "create_vnic_details": [
              {
                "assign_private_dns_record": true,
                "assign_public_ip": "true",
                "defined_tags": {
                  "Oracle-Tags.CreatedBy": "oracleidentitycloudservice/eperezlarosa@outlook.com",
                  "Oracle-Tags.CreatedOn": "2021-09-20T08:10:09.986Z"
                },
                "display_name": "grafanaServer",
                "freeform_tags": {},
                "hostname_label": "",
                "nsg_ids": null,
                "private_ip": "10.0.0.176",
                "skip_source_dest_check": false,
                "subnet_id": "ocid1.subnet.oc1.iad.aaaaaaaaylf3ubgcwrziqmfwaqi4tu2fwhqptgl4zegyzzb4ft4x7lgp7e7q",
                "vlan_id": ""
              }
            ],
            "dedicated_vm_host_id": null,
            "defined_tags": {
              "Oracle-Tags.CreatedBy": "oracleidentitycloudservice/eperezlarosa@outlook.com",
              "Oracle-Tags.CreatedOn": "2021-09-20T08:10:09.837Z"
            },
            "display_name": "grafanaServer",
            "extended_metadata": null,
            "fault_domain": "FAULT-DOMAIN-1",
            "freeform_tags": {},
            "hostname_label": "",
            "id": "ocid1.instance.oc1.iad.anuwcljtdtunf7qct5ly5gkuxaagd2vlijmljiv3xjembqoivfxb5mbqx7na",
            "image": "ocid1.image.oc1.iad.aaaaaaaakdybjqysepqx2iwne24uxdx4apzdcn2ll7kd66a52fgs7w4mz3vq",
            "instance_options": [
              {
                "are_legacy_imds_endpoints_disabled": false
              }
            ],
            "ipxe_script": null,
            "is_pv_encryption_in_transit_enabled": true,
            "launch_mode": "PARAVIRTUALIZED",
            "launch_options": [
              {
                "boot_volume_type": "PARAVIRTUALIZED",
                "firmware": "UEFI_64",
                "is_consistent_volume_naming_enabled": true,
                "is_pv_encryption_in_transit_enabled": true,
                "network_type": "PARAVIRTUALIZED",
                "remote_data_volume_type": "PARAVIRTUALIZED"
              }
            ],
            "metadata": {
              "ssh_authorized_keys": "ssh-rsa AAAAB3NzaC1yc2EAAAADAQABAAABgQDP6U5B+gimwwciJN+HpZH0/drAsz4pXpt0XTR7lPFnNbFOk4lAVXTWz4qvc6zQbKaDI+NiD2sYjKTHcGy7mbN3+IaiBKd/dlp6xK3XweASjUwoSjfDhlcTXzlWe+2JfqKFkd98l5g3sva37b9qjhLbk4fm02AAIbDGyDxMFycmyggMv0yFzK9hub0Kgdij62Li6sUa60120jO/ROv/98z2b0A+iQbLf8b2NT/JNXUc+eBBDGvqfJr9FwmffQANehNKKSk4xRAk8nwRZ9zUgKFPBX5TNtDV+/U2KvHljf75U8upfmzVhJb00il5GG5zEsWNYy7QJ4cJ9h5UnXhDvwG0UOs3AByrKIiYm4yjFbpqhdU4qoYsXrok+BtYAoxnxSxUXidu80rkc5BtBdKsQqwpga/EESfoB2HxUuPCuYarLU0l95NH81XD7pH8jHazOlPJNtwh7Ym9rsiLcOUvoWQgTZBbzgi0Mr7FKscSLsDX09ZN3+z7dDDCY6AAjz4/m2M= ernie_py@challenger\n"
            },
            "platform_config": [],
            "preemptible_instance_config": [],
            "preserve_boot_volume": null,
            "private_ip": "10.0.0.176",
            "public_ip": "158.101.102.166",
            "region": "iad",
            "shape": "VM.Standard2.1",
            "shape_config": [
              {
                "baseline_ocpu_utilization": "",
                "gpu_description": "",
                "gpus": 0,
                "local_disk_description": "",
                "local_disks": 0,
                "local_disks_total_size_in_gbs": 0,
                "max_vnic_attachments": 2,
                "memory_in_gbs": 15,
                "networking_bandwidth_in_gbps": 1,
                "ocpus": 1,
                "processor_description": "2.0 GHz Intel® Xeon® Platinum 8167M (Skylake)"
              }
            ],
            "source_details": [
              {
                "boot_volume_size_in_gbs": "47",
                "kms_key_id": "",
                "source_id": "ocid1.image.oc1.iad.aaaaaaaakdybjqysepqx2iwne24uxdx4apzdcn2ll7kd66a52fgs7w4mz3vq",
                "source_type": "image"
              }
            ],
            "state": "RUNNING",
            "subnet_id": "ocid1.subnet.oc1.iad.aaaaaaaaylf3ubgcwrziqmfwaqi4tu2fwhqptgl4zegyzzb4ft4x7lgp7e7q",
            "system_tags": {},
            "time_created": "2021-09-20 08:10:10.383 +0000 UTC",
            "time_maintenance_reboot_due": "",
            "timeouts": null
          },
          "sensitive_attributes": [],
          "private": "eyJlMmJmYjczMC1lY2FhLTExZTYtOGY4OC0zNDM2M2JjN2M0YzAiOnsiY3JlYXRlIjoyNzAwMDAwMDAwMDAwLCJkZWxldGUiOjQ1MDAwMDAwMDAwMDAsInVwZGF0ZSI6MjcwMDAwMDAwMDAwMH19",
          "dependencies": [
            "data.oci_identity_availability_domains.ads",
            "module.Identity.oci_identity_compartment.compartments",
            "module.Networking.oci_core_subnet.app_subnets",
            "module.Networking.oci_core_vcn.vcns"
          ]
        }
      ]
    },
    {
      "module": "module.Compute",
      "mode": "managed",
      "type": "tls_private_key",
      "name": "public_private_key_pair",
      "provider": "provider[\"registry.terraform.io/hashicorp/tls\"]",
      "instances": [
        {
          "index_key": "app",
          "schema_version": 0,
          "attributes": {
            "algorithm": "RSA",
            "ecdsa_curve": "P224",
            "id": "eb8f010ad5c9324f77ed14b3928ea6f88cd00bd1",
            "private_key_pem": "-----BEGIN RSA PRIVATE KEY-----\nMIIEowIBAAKCAQEAvEJb2BtYb8ciZYPfyAz1pk9VOGj2n34q111e08TQTbiiqHho\ncLdKw6YDRXED5OYSLz9er3Exm/UF2HE1FgfII4V9YO2zvqC47DKlZm6nH0sGx8zn\nOKeQHCr5VDj2hrZLxzpk2be/zzTakc842tuzvie6/MclipakRDWB2Oq9DF6rJU5Z\ngXWlscQezUJjTkfRiuxOUYCT6yDjpoKqROQsDpini/lHTvs3NZpK9PoHCqOLx1bd\nvJAP1P7foJjMW4fSjbxOR0NmanCvWfofL2PE3rf7ho7gUllljLACxNwwsClmSTxS\nDpdvl3fskdvBggxogpdFoO+Jw0LhlYIfkeFN0QIDAQABAoIBAEwhrdC0Jkx1xGQ3\nM11MWF8cQANi9zFCrYKQoNOVCQQVQbpNjzbd+N8sGLCRZpi/reTrhJgAd6ZxLR79\nkRFKrlYnGrADEKhriL0EMj09TFpsVd6g73TK1o19l3zG2HNb70MvSy98jpX18tn6\naiyfoo2otYaZ5oWoK9/ln5AgRbllMdPhNlgFlSzU/p+KaoFD19CM6Rk9wwd4/4aQ\ntxeaEFbtIWncQ0N+gdlsM/eNs2GrwV8rg1LUKOH+IBJwJ5wzVSRRfFWRmgvpNz+u\nScAlc/H56hwzabSPvWMZXHcC6HeNVSLA1UfMrGI5ADj0Wax70Hn2tYqsVd39KbTi\n4FDIhsECgYEA20dkdiJcUovR3M9jSHOiMJLDlW5C5xZ+uvsakPy2IrspEWGHg2WK\nc9wpAe0lE/FbS573fYx2DpPVDRhhxGq3kt1zc4CV1b1bduej0oban0XWWPTxQTsQ\nTwvRRRtjpjvLhxaocw5KngFpXZv8EkWMUyzj5x7sSqrjltskmrbKf7kCgYEA28ki\n2MhbWpADZgtsUENq+hKNBxGFF99dWJzgcnQR8qLobjwCEuN2rk/ohn62O9RfH5Za\nsiTEPi8P0ahFnbbPXdG9AE1H3cMLqnm4pWdVZrTOx37Bd8wX5MdqDSAVUOjl8flx\neVwt/Aex0zQmu22OG+e80htCJvQZ8PHI3sv0WtkCgYBVhwEeOsS7xaFzeMiGx+Np\nArWaoUkjDVkc4Tg5ePgpj8qy5tGOZJqeGi88exzNLISpeDWcGJ8rjGm7E9l+XQmB\nFTMkx/CpT5RPSoZRZRv8p6a1R8SZ5smzqy5SwB4cBpKZ/DJzvg1Il9BbHK4zCkFz\nZ7z0ttD/RqxCePNMDSPqsQKBgA8EeUsStZtEh9brJOV/FcoshlJbUhrFel1ZqsRn\nReqsUvFlTEb6H9vdPegitFT2N+GyplPRy07sbEpJEyipmxWwBRgGL8jpUNy/IGy8\n2MsBw7dB4/pJicBqF8b50DsNDtkv0B8Yu1OjOvVRdOwNmk4x0WcR0b1TpIogGzeN\n/A5RAoGBALrV1P5Fh/PyCL+sBgehSCRIwQBHEAsinscghooELKCNrggkNONOohB2\nRZ/k2S7wtRTbf2fjhYhQYPqVe+76s8ZSnEPmk8BReZ4hWyd/a98gLVvRD8TO1NyH\nGRvvzDeoZbx6j0hhdjHPh5ZsUxHCT+1LXqZZSOwK+BXr0e3Rb1Dl\n-----END RSA PRIVATE KEY-----\n",
            "public_key_fingerprint_md5": "a7:8b:19:c7:89:02:80:e5:7e:2a:65:5d:39:95:a7:cb",
            "public_key_openssh": "ssh-rsa AAAAB3NzaC1yc2EAAAADAQABAAABAQC8QlvYG1hvxyJlg9/IDPWmT1U4aPaffirXXV7TxNBNuKKoeGhwt0rDpgNFcQPk5hIvP16vcTGb9QXYcTUWB8gjhX1g7bO+oLjsMqVmbqcfSwbHzOc4p5AcKvlUOPaGtkvHOmTZt7/PNNqRzzja27O+J7r8xyWKlqRENYHY6r0MXqslTlmBdaWxxB7NQmNOR9GK7E5RgJPrIOOmgqpE5CwOmKeL+UdO+zc1mkr0+gcKo4vHVt28kA/U/t+gmMxbh9KNvE5HQ2ZqcK9Z+h8vY8Tet/uGjuBSWWWMsALE3DCwKWZJPFIOl2+Xd+yR28GCDGiCl0Wg74nDQuGVgh+R4U3R\n",
            "public_key_pem": "-----BEGIN PUBLIC KEY-----\nMIIBIjANBgkqhkiG9w0BAQEFAAOCAQ8AMIIBCgKCAQEAvEJb2BtYb8ciZYPfyAz1\npk9VOGj2n34q111e08TQTbiiqHhocLdKw6YDRXED5OYSLz9er3Exm/UF2HE1FgfI\nI4V9YO2zvqC47DKlZm6nH0sGx8znOKeQHCr5VDj2hrZLxzpk2be/zzTakc842tuz\nvie6/MclipakRDWB2Oq9DF6rJU5ZgXWlscQezUJjTkfRiuxOUYCT6yDjpoKqROQs\nDpini/lHTvs3NZpK9PoHCqOLx1bdvJAP1P7foJjMW4fSjbxOR0NmanCvWfofL2PE\n3rf7ho7gUllljLACxNwwsClmSTxSDpdvl3fskdvBggxogpdFoO+Jw0LhlYIfkeFN\n0QIDAQAB\n-----END PUBLIC KEY-----\n",
            "rsa_bits": 2048
          },
          "sensitive_attributes": [],
          "private": "bnVsbA=="
        },
        {
          "index_key": "bastion",
          "schema_version": 0,
          "attributes": {
            "algorithm": "RSA",
            "ecdsa_curve": "P224",
            "id": "800be29e9a4e90efddcc1029d22ef2d78cb9c59c",
            "private_key_pem": "-----BEGIN RSA PRIVATE KEY-----\nMIIEpgIBAAKCAQEAvf4XwwOJAAGe6378CauR699RbiipL/b5Jkz2KPwbVCc+80/p\nC1tMedWdoQzBDLBP4c7t1qFL97XUvpkWIQspxmWhNq1fez7X7COfMx6WAgAB4yt7\ni/0hd6Hq1cpd11VUHv3Qzt/iaB+guwKPLE4yhl5PpBBWh+VsR5We/B3Ts3QsGKwK\nE2amd1agPPuuTKkctUbgH7agijgBy6rjLV1vrTy5goulbhJ0yWPxxl40NUDbqy/m\nJ5IXRWvfG8tY9IonRk3eW1RE5tUxIeeHYzMHuHu+vb8ph4fa8CFB/9TLaU9/r0cU\n+Su59wxwvi7vEaJAcSnwV7Mqirw3fq/h8gOdmwIDAQABAoIBAQChRChPM5T6GGYY\nZnTwkF0P5UJtSr4xJGVfCTx4lWVtDNL2HAInzZsgXx2pMfY7GvzzIn3nDIo6/HBU\nSATsj1kqOeGZU5gUOMd2fNYIwhF6KR9w/9uie34I2btHNLpqqNb6Z17x+j9nOlFn\n60gzxzxDqZHYJLYOK8K5EFsejQLA8ohmpN8G8BoU6BaG3IMk6p4vMYuWWhWQVWQ1\np++x1ZGBIQ7irtzOwRYwDUXtd80lc5sLG1kXyDbcnO1u8gkS+5DZ8cwLHhdlGKTP\nd4jHk689eXSj8nzB8A3MzmePr/1oYyNPmpIOxwYVXbq5rU+cbyzHYWsz1kjDB1iz\ne19KVp8hAoGBAOJAWhfZgl/JRw1zkSI+/pybOWN0yjvKa+8UtDilj9KsUFq1zNPS\nvZWi1mFLUi0BDinu4XC/Xs5XcnlZDH+SQcGwlsSR5T4SpKXdB9qL2EHIk0Tnw3YH\n/Rviijj9e3gsaP8gmJ87zPbtNjEiv14+iUk3L96Y2oE74Fb8esv3oljVAoGBANb5\nQ7o/kLxk+JpSC3Xm6Lk7Wp9Bu4CW4YjJuHpLGzAIxZDxwX2C+BKYgD8MqijBg0OI\nZ0DWegO/n7RO6AvRMCLGd0CtwbQuQoBe+YTTir/3tbvXKlNLyxoToHoPu82J9CmM\nbVMlGCBde9P1vsmtykQWJQ76f/NSD7cT3pei11SvAoGBANcY2w5Fib9K+jP9pQNr\n5GA66qp1RDbn0QlxI42fSUa+733tzRetCPST5UCGfU+v6ylOpCGurpF5bamUUV+P\nSti76/phwhHrY4EUy/yoaybPa8Ncm+VA3w99pm9b/eBYSFIVSURJdCllh9na8RjG\nV3q17tqvczzeEgBg9NWpTj0pAoGBALagtIT5k4A5V2ni4ZGcRYF3hxlcwmoPxDJt\nDKf4PnSkPxNQDs0OAqnpnKnznGtbWqR4sR9IFggxNv/7OO8xG++vI4hzFOh5lE1y\nYhARlwJW8rFNrcttzHGu0tpfm3CWDjNt9UJ5dPGp+ZSsZRT466jEF1+OOD0CLg+e\nda/ky4JJAoGBAMYNDKBSQ3a6WVyVsSqBNLsQURU3L0s/1EXA6I331ujGsX0+odhq\nN9M6bGELOdNzA6Z3atvOXmUW7nwNpIYujrfuAocwvWwdFc7DqeUDnNzHOKF1KntQ\n5yn1/0MbcL9eNCz0+JjkZOJzc8rn8PIRLOskCqcPUtdGrySflTVB3mZv\n-----END RSA PRIVATE KEY-----\n",
            "public_key_fingerprint_md5": "b2:06:a3:ee:93:96:cd:d5:04:0b:0d:5c:2b:f3:b2:a4",
            "public_key_openssh": "ssh-rsa AAAAB3NzaC1yc2EAAAADAQABAAABAQC9/hfDA4kAAZ7rfvwJq5Hr31FuKKkv9vkmTPYo/BtUJz7zT+kLW0x51Z2hDMEMsE/hzu3WoUv3tdS+mRYhCynGZaE2rV97PtfsI58zHpYCAAHjK3uL/SF3oerVyl3XVVQe/dDO3+JoH6C7Ao8sTjKGXk+kEFaH5WxHlZ78HdOzdCwYrAoTZqZ3VqA8+65MqRy1RuAftqCKOAHLquMtXW+tPLmCi6VuEnTJY/HGXjQ1QNurL+YnkhdFa98by1j0iidGTd5bVETm1TEh54djMwe4e769vymHh9rwIUH/1MtpT3+vRxT5K7n3DHC+Lu8RokBxKfBXsyqKvDd+r+HyA52b\n",
            "public_key_pem": "-----BEGIN PUBLIC KEY-----\nMIIBIjANBgkqhkiG9w0BAQEFAAOCAQ8AMIIBCgKCAQEAvf4XwwOJAAGe6378CauR\n699RbiipL/b5Jkz2KPwbVCc+80/pC1tMedWdoQzBDLBP4c7t1qFL97XUvpkWIQsp\nxmWhNq1fez7X7COfMx6WAgAB4yt7i/0hd6Hq1cpd11VUHv3Qzt/iaB+guwKPLE4y\nhl5PpBBWh+VsR5We/B3Ts3QsGKwKE2amd1agPPuuTKkctUbgH7agijgBy6rjLV1v\nrTy5goulbhJ0yWPxxl40NUDbqy/mJ5IXRWvfG8tY9IonRk3eW1RE5tUxIeeHYzMH\nuHu+vb8ph4fa8CFB/9TLaU9/r0cU+Su59wxwvi7vEaJAcSnwV7Mqirw3fq/h8gOd\nmwIDAQAB\n-----END PUBLIC KEY-----\n",
            "rsa_bits": 2048
          },
          "sensitive_attributes": [],
          "private": "bnVsbA=="
        }
      ]
    },
    {
      "module": "module.Identity",
      "mode": "managed",
      "type": "oci_identity_compartment",
      "name": "compartments",
      "provider": "provider[\"registry.terraform.io/hashicorp/oci\"]",
      "instances": [
        {
          "index_key": "app",
          "schema_version": 0,
          "attributes": {
            "compartment_id": "ocid1.tenancy.oc1..aaaaaaaarzshiuiwoc22qsupvuwnx32z7i3cpcpvd3j2bsn5ecmd6ca5faqq",
            "defined_tags": {
              "Oracle-Tags.CreatedBy": "oracleidentitycloudservice/eperezlarosa@outlook.com",
              "Oracle-Tags.CreatedOn": "2021-09-20T00:47:26.589Z"
            },
            "description": "Compartment for Apps and LBs",
            "enable_delete": null,
            "freeform_tags": {},
            "id": "ocid1.compartment.oc1..aaaaaaaagis7niz6nxbdgyemyvg6fq3hex4raco27ma7o2eapbopyx4apdla",
            "inactive_state": null,
            "is_accessible": true,
            "name": "Applications",
            "state": "ACTIVE",
            "time_created": "2021-09-20 00:47:27.138 +0000 UTC",
            "timeouts": null
          },
          "sensitive_attributes": [],
          "private": "eyJlMmJmYjczMC1lY2FhLTExZTYtOGY4OC0zNDM2M2JjN2M0YzAiOnsiZGVsZXRlIjo1NDAwMDAwMDAwMDAwfX0="
        },
        {
          "index_key": "bastion",
          "schema_version": 0,
          "attributes": {
            "compartment_id": "ocid1.tenancy.oc1..aaaaaaaarzshiuiwoc22qsupvuwnx32z7i3cpcpvd3j2bsn5ecmd6ca5faqq",
            "defined_tags": {
              "Oracle-Tags.CreatedBy": "oracleidentitycloudservice/eperezlarosa@outlook.com",
              "Oracle-Tags.CreatedOn": "2021-09-20T00:47:26.573Z"
            },
            "description": "Compartment for Bastions",
            "enable_delete": null,
            "freeform_tags": {},
            "id": "ocid1.compartment.oc1..aaaaaaaae77eem3m6fay7yhd6mrrn7i3i5lsireicwr37gv4lue7caba57ua",
            "inactive_state": null,
            "is_accessible": true,
            "name": "Bastions",
            "state": "ACTIVE",
            "time_created": "2021-09-20 00:47:26.727 +0000 UTC",
            "timeouts": null
          },
          "sensitive_attributes": [],
          "private": "eyJlMmJmYjczMC1lY2FhLTExZTYtOGY4OC0zNDM2M2JjN2M0YzAiOnsiZGVsZXRlIjo1NDAwMDAwMDAwMDAwfX0="
        }
      ]
    },
    {
      "module": "module.LoadBalancer",
      "mode": "managed",
      "type": "oci_load_balancer_backend",
      "name": "app8080",
      "provider": "provider[\"registry.terraform.io/hashicorp/oci\"]",
      "instances": [
        {
          "schema_version": 0,
          "attributes": {
            "backendset_name": "app_lb-backendset",
            "backup": false,
            "drain": false,
            "id": "loadBalancers/ocid1.loadbalancer.oc1.iad.aaaaaaaaahvmdry7wq4zcu4bkm7gbvas3yl2k6x4lcmokuvjxib4jozuozzq/backendSets/app_lb-backendset/backends/158.101.112.134:8080",
            "ip_address": "158.101.112.134",
            "load_balancer_id": "ocid1.loadbalancer.oc1.iad.aaaaaaaaahvmdry7wq4zcu4bkm7gbvas3yl2k6x4lcmokuvjxib4jozuozzq",
            "name": "158.101.112.134:8080",
            "offline": false,
            "port": 8080,
            "state": "SUCCEEDED",
            "timeouts": null,
            "weight": 1
          },
          "sensitive_attributes": [],
          "private": "eyJlMmJmYjczMC1lY2FhLTExZTYtOGY4OC0zNDM2M2JjN2M0YzAiOnsiY3JlYXRlIjoxMjAwMDAwMDAwMDAwLCJkZWxldGUiOjEyMDAwMDAwMDAwMDAsInVwZGF0ZSI6MTIwMDAwMDAwMDAwMH19",
          "dependencies": [
            "data.oci_identity_availability_domains.ads",
            "module.Compute.oci_core_instance.servers",
            "module.Identity.oci_identity_compartment.compartments",
            "module.LoadBalancer.oci_load_balancer_backend_set.app_lb",
            "module.LoadBalancer.oci_load_balancer_load_balancer.app_lb",
            "module.Networking.oci_core_subnet.app_subnets",
            "module.Networking.oci_core_subnet.lb_subnets",
            "module.Networking.oci_core_vcn.vcns"
          ]
        }
      ]
    },
    {
      "module": "module.LoadBalancer",
      "mode": "managed",
      "type": "oci_load_balancer_backend_set",
      "name": "app_lb",
      "provider": "provider[\"registry.terraform.io/hashicorp/oci\"]",
      "instances": [
        {
          "schema_version": 0,
          "attributes": {
            "backend": [],
            "health_checker": [
              {
                "interval_ms": 30000,
                "port": 8080,
                "protocol": "HTTP",
                "response_body_regex": ".*",
                "retries": 3,
                "return_code": 200,
                "timeout_in_millis": 3000,
                "url_path": "/fibonacci-members"
              }
            ],
            "id": "loadBalancers/ocid1.loadbalancer.oc1.iad.aaaaaaaaahvmdry7wq4zcu4bkm7gbvas3yl2k6x4lcmokuvjxib4jozuozzq/backendSets/app_lb-backendset",
            "lb_cookie_session_persistence_configuration": [],
            "load_balancer_id": "ocid1.loadbalancer.oc1.iad.aaaaaaaaahvmdry7wq4zcu4bkm7gbvas3yl2k6x4lcmokuvjxib4jozuozzq",
            "name": "app_lb-backendset",
            "policy": "LEAST_CONNECTIONS",
            "session_persistence_configuration": [],
            "ssl_configuration": [],
            "state": "SUCCEEDED",
            "timeouts": null
          },
          "sensitive_attributes": [],
          "private": "eyJlMmJmYjczMC1lY2FhLTExZTYtOGY4OC0zNDM2M2JjN2M0YzAiOnsiY3JlYXRlIjoxMjAwMDAwMDAwMDAwLCJkZWxldGUiOjEyMDAwMDAwMDAwMDAsInVwZGF0ZSI6MTIwMDAwMDAwMDAwMH19",
          "dependencies": [
            "module.Identity.oci_identity_compartment.compartments",
            "module.LoadBalancer.oci_load_balancer_load_balancer.app_lb",
            "module.Networking.oci_core_subnet.lb_subnets",
            "module.Networking.oci_core_vcn.vcns"
          ]
        }
      ]
    },
    {
      "module": "module.LoadBalancer",
      "mode": "managed",
      "type": "oci_load_balancer_listener",
      "name": "app_lb",
      "provider": "provider[\"registry.terraform.io/hashicorp/oci\"]",
      "instances": [
        {
          "schema_version": 0,
          "attributes": {
            "connection_configuration": [
              {
                "backend_tcp_proxy_protocol_version": 0,
                "idle_timeout_in_seconds": "60"
              }
            ],
            "default_backend_set_name": "app_lb-backendset",
            "hostname_names": [],
            "id": "loadBalancers/ocid1.loadbalancer.oc1.iad.aaaaaaaaahvmdry7wq4zcu4bkm7gbvas3yl2k6x4lcmokuvjxib4jozuozzq/listeners/app_lb-listener",
            "load_balancer_id": "ocid1.loadbalancer.oc1.iad.aaaaaaaaahvmdry7wq4zcu4bkm7gbvas3yl2k6x4lcmokuvjxib4jozuozzq",
            "name": "app_lb-listener",
            "path_route_set_name": null,
            "port": 80,
            "protocol": "HTTP",
            "routing_policy_name": null,
            "rule_set_names": [],
            "ssl_configuration": [],
            "state": "SUCCEEDED",
            "timeouts": null
          },
          "sensitive_attributes": [],
          "private": "eyJlMmJmYjczMC1lY2FhLTExZTYtOGY4OC0zNDM2M2JjN2M0YzAiOnsiY3JlYXRlIjoxMjAwMDAwMDAwMDAwLCJkZWxldGUiOjEyMDAwMDAwMDAwMDAsInVwZGF0ZSI6MTIwMDAwMDAwMDAwMH19",
          "dependencies": [
            "module.Identity.oci_identity_compartment.compartments",
            "module.LoadBalancer.oci_load_balancer_backend_set.app_lb",
            "module.LoadBalancer.oci_load_balancer_load_balancer.app_lb",
            "module.Networking.oci_core_subnet.lb_subnets",
            "module.Networking.oci_core_vcn.vcns"
          ]
        }
      ]
    },
    {
      "module": "module.LoadBalancer",
      "mode": "managed",
      "type": "oci_load_balancer_load_balancer",
      "name": "app_lb",
      "provider": "provider[\"registry.terraform.io/hashicorp/oci\"]",
      "instances": [
        {
          "schema_version": 0,
          "attributes": {
            "compartment_id": "ocid1.compartment.oc1..aaaaaaaagis7niz6nxbdgyemyvg6fq3hex4raco27ma7o2eapbopyx4apdla",
            "defined_tags": {
              "Oracle-Tags.CreatedBy": "oracleidentitycloudservice/eperezlarosa@outlook.com",
              "Oracle-Tags.CreatedOn": "2021-09-20T08:10:08.401Z"
            },
            "display_name": "app_lb",
            "freeform_tags": {},
            "id": "ocid1.loadbalancer.oc1.iad.aaaaaaaaahvmdry7wq4zcu4bkm7gbvas3yl2k6x4lcmokuvjxib4jozuozzq",
            "ip_address_details": [
              {
                "ip_address": "129.159.91.219",
                "is_public": true,
                "reserved_ip": []
              }
            ],
            "ip_addresses": [
              "129.159.91.219"
            ],
            "ip_mode": "IPV4",
            "is_private": false,
            "network_security_group_ids": null,
            "reserved_ips": [],
            "shape": "100Mbps",
            "shape_details": [],
            "state": "ACTIVE",
            "subnet_ids": [
              "ocid1.subnet.oc1.iad.aaaaaaaag6fazvvf4pntjxo74r2ra234zisrx53z42m3newsamdv6znigmra"
            ],
            "system_tags": {},
            "time_created": "2021-09-20 08:10:09.098 +0000 UTC",
            "timeouts": null
          },
          "sensitive_attributes": [],
          "private": "eyJlMmJmYjczMC1lY2FhLTExZTYtOGY4OC0zNDM2M2JjN2M0YzAiOnsiY3JlYXRlIjoxMjAwMDAwMDAwMDAwLCJkZWxldGUiOjEyMDAwMDAwMDAwMDAsInVwZGF0ZSI6MTIwMDAwMDAwMDAwMH19",
          "dependencies": [
            "module.Identity.oci_identity_compartment.compartments",
            "module.Networking.oci_core_subnet.lb_subnets",
            "module.Networking.oci_core_vcn.vcns"
          ]
        }
      ]
    },
    {
      "module": "module.Networking",
      "mode": "managed",
      "type": "oci_core_default_route_table",
      "name": "vcn_rts",
      "provider": "provider[\"registry.terraform.io/hashicorp/oci\"]",
      "instances": [
        {
          "index_key": "app",
          "schema_version": 0,
          "attributes": {
            "compartment_id": "ocid1.compartment.oc1..aaaaaaaagis7niz6nxbdgyemyvg6fq3hex4raco27ma7o2eapbopyx4apdla",
            "defined_tags": {
              "Oracle-Tags.CreatedBy": "oracleidentitycloudservice/eperezlarosa@outlook.com",
              "Oracle-Tags.CreatedOn": "2021-09-20T08:10:03.170Z"
            },
            "display_name": "Default Route Table for app_vcn",
            "freeform_tags": {},
            "id": "ocid1.routetable.oc1.iad.aaaaaaaabu756lxnmbkvfl5norqlvlsw3cptvjfscro6tihc52wxxxkcgwpa",
            "manage_default_resource_id": "ocid1.routetable.oc1.iad.aaaaaaaabu756lxnmbkvfl5norqlvlsw3cptvjfscro6tihc52wxxxkcgwpa",
            "route_rules": [
              {
                "cidr_block": "",
                "description": "",
                "destination": "0.0.0.0/0",
                "destination_type": "CIDR_BLOCK",
                "network_entity_id": "ocid1.internetgateway.oc1.iad.aaaaaaaass3z7gyxjlra4wz7aacx3kblmen657yunzvmkfgmjhlaeyw3qtdq"
              }
            ],
            "state": "AVAILABLE",
            "time_created": "2021-09-20 08:10:03.278 +0000 UTC",
            "timeouts": null
          },
          "sensitive_attributes": [],
          "private": "eyJlMmJmYjczMC1lY2FhLTExZTYtOGY4OC0zNDM2M2JjN2M0YzAiOnsiY3JlYXRlIjoxMjAwMDAwMDAwMDAwLCJkZWxldGUiOjEyMDAwMDAwMDAwMDAsInVwZGF0ZSI6MTIwMDAwMDAwMDAwMH19",
          "dependencies": [
            "module.Identity.oci_identity_compartment.compartments",
            "module.Networking.oci_core_internet_gateway.igws",
            "module.Networking.oci_core_vcn.vcns"
          ]
        },
        {
          "index_key": "bastion",
          "schema_version": 0,
          "attributes": {
            "compartment_id": "ocid1.compartment.oc1..aaaaaaaae77eem3m6fay7yhd6mrrn7i3i5lsireicwr37gv4lue7caba57ua",
            "defined_tags": {
              "Oracle-Tags.CreatedBy": "oracleidentitycloudservice/eperezlarosa@outlook.com",
              "Oracle-Tags.CreatedOn": "2021-09-20T08:10:03.170Z"
            },
            "display_name": "Default Route Table for bastion_vcn",
            "freeform_tags": {},
            "id": "ocid1.routetable.oc1.iad.aaaaaaaae4s2iuq2rceg5c2djrrwii3p2is66i5s6a5uo66t7fyejdl2uhlq",
            "manage_default_resource_id": "ocid1.routetable.oc1.iad.aaaaaaaae4s2iuq2rceg5c2djrrwii3p2is66i5s6a5uo66t7fyejdl2uhlq",
            "route_rules": [
              {
                "cidr_block": "",
                "description": "",
                "destination": "0.0.0.0/0",
                "destination_type": "CIDR_BLOCK",
                "network_entity_id": "ocid1.internetgateway.oc1.iad.aaaaaaaa5bvtastetihef3zk4k6a6ggmu67mxnhlwjc5wyj4ropglyberm7q"
              }
            ],
            "state": "AVAILABLE",
            "time_created": "2021-09-20 08:10:03.302 +0000 UTC",
            "timeouts": null
          },
          "sensitive_attributes": [],
          "private": "eyJlMmJmYjczMC1lY2FhLTExZTYtOGY4OC0zNDM2M2JjN2M0YzAiOnsiY3JlYXRlIjoxMjAwMDAwMDAwMDAwLCJkZWxldGUiOjEyMDAwMDAwMDAwMDAsInVwZGF0ZSI6MTIwMDAwMDAwMDAwMH19",
          "dependencies": [
            "module.Identity.oci_identity_compartment.compartments",
            "module.Networking.oci_core_internet_gateway.igws",
            "module.Networking.oci_core_vcn.vcns"
          ]
        }
      ]
    },
    {
      "module": "module.Networking",
      "mode": "managed",
      "type": "oci_core_internet_gateway",
      "name": "igws",
      "provider": "provider[\"registry.terraform.io/hashicorp/oci\"]",
      "instances": [
        {
          "index_key": "app",
          "schema_version": 0,
          "attributes": {
            "compartment_id": "ocid1.compartment.oc1..aaaaaaaagis7niz6nxbdgyemyvg6fq3hex4raco27ma7o2eapbopyx4apdla",
            "defined_tags": {
              "Oracle-Tags.CreatedBy": "oracleidentitycloudservice/eperezlarosa@outlook.com",
              "Oracle-Tags.CreatedOn": "2021-09-20T08:10:04.495Z"
            },
            "display_name": "internetgateway20210920081004",
            "enabled": true,
            "freeform_tags": {},
            "id": "ocid1.internetgateway.oc1.iad.aaaaaaaass3z7gyxjlra4wz7aacx3kblmen657yunzvmkfgmjhlaeyw3qtdq",
            "state": "AVAILABLE",
            "time_created": "2021-09-20 08:10:04.758 +0000 UTC",
            "timeouts": null,
            "vcn_id": "ocid1.vcn.oc1.iad.amaaaaaadtunf7qaly63zyj56kel7wxfa5ejo5fvme2or32b7nwj2kftxz6q"
          },
          "sensitive_attributes": [],
          "private": "eyJlMmJmYjczMC1lY2FhLTExZTYtOGY4OC0zNDM2M2JjN2M0YzAiOnsiY3JlYXRlIjoxMjAwMDAwMDAwMDAwLCJkZWxldGUiOjEyMDAwMDAwMDAwMDAsInVwZGF0ZSI6MTIwMDAwMDAwMDAwMH19",
          "dependencies": [
            "module.Identity.oci_identity_compartment.compartments",
            "module.Networking.oci_core_vcn.vcns"
          ]
        },
        {
          "index_key": "bastion",
          "schema_version": 0,
          "attributes": {
            "compartment_id": "ocid1.compartment.oc1..aaaaaaaae77eem3m6fay7yhd6mrrn7i3i5lsireicwr37gv4lue7caba57ua",
            "defined_tags": {
              "Oracle-Tags.CreatedBy": "oracleidentitycloudservice/eperezlarosa@outlook.com",
              "Oracle-Tags.CreatedOn": "2021-09-20T08:10:04.430Z"
            },
            "display_name": "internetgateway20210920081004",
            "enabled": true,
            "freeform_tags": {},
            "id": "ocid1.internetgateway.oc1.iad.aaaaaaaa5bvtastetihef3zk4k6a6ggmu67mxnhlwjc5wyj4ropglyberm7q",
            "state": "AVAILABLE",
            "time_created": "2021-09-20 08:10:04.501 +0000 UTC",
            "timeouts": null,
            "vcn_id": "ocid1.vcn.oc1.iad.amaaaaaadtunf7qag52crdmyyuyt3of5uvs3d3stl2f3wkw6rbffwn6w76xa"
          },
          "sensitive_attributes": [],
          "private": "eyJlMmJmYjczMC1lY2FhLTExZTYtOGY4OC0zNDM2M2JjN2M0YzAiOnsiY3JlYXRlIjoxMjAwMDAwMDAwMDAwLCJkZWxldGUiOjEyMDAwMDAwMDAwMDAsInVwZGF0ZSI6MTIwMDAwMDAwMDAwMH19",
          "dependencies": [
            "module.Identity.oci_identity_compartment.compartments",
            "module.Networking.oci_core_vcn.vcns"
          ]
        }
      ]
    },
    {
      "module": "module.Networking",
      "mode": "managed",
      "type": "oci_core_security_list",
      "name": "app_sec_lists",
      "provider": "provider[\"registry.terraform.io/hashicorp/oci\"]",
      "instances": [
        {
          "schema_version": 0,
          "attributes": {
            "compartment_id": "ocid1.compartment.oc1..aaaaaaaagis7niz6nxbdgyemyvg6fq3hex4raco27ma7o2eapbopyx4apdla",
            "defined_tags": {
              "Oracle-Tags.CreatedBy": "oracleidentitycloudservice/eperezlarosa@outlook.com",
              "Oracle-Tags.CreatedOn": "2021-09-20T08:12:31.907Z"
            },
            "display_name": "app_subnet-security_list",
            "egress_security_rules": [],
            "freeform_tags": {},
            "id": "ocid1.securitylist.oc1.iad.aaaaaaaaz4nmheo2ib25xd2q7rffzobkmwfawnsj5p5tqfy3rblq6rlujm7q",
            "ingress_security_rules": [
              {
                "description": "",
                "icmp_options": [],
                "protocol": "6",
                "source": "129.159.91.219/32",
                "source_type": "CIDR_BLOCK",
                "stateless": false,
                "tcp_options": [
                  {
                    "max": 8080,
                    "min": 8080,
                    "source_port_range": [
                      {
                        "max": 80,
                        "min": 80
                      }
                    ]
                  }
                ],
                "udp_options": []
              },
              {
                "description": "",
                "icmp_options": [],
                "protocol": "6",
                "source": "150.136.175.0/32",
                "source_type": "CIDR_BLOCK",
                "stateless": false,
                "tcp_options": [
                  {
                    "max": 22,
                    "min": 22,
                    "source_port_range": []
                  }
                ],
                "udp_options": []
              }
            ],
            "state": "AVAILABLE",
            "time_created": "2021-09-20 08:12:31.942 +0000 UTC",
            "timeouts": null,
            "vcn_id": "ocid1.vcn.oc1.iad.amaaaaaadtunf7qaly63zyj56kel7wxfa5ejo5fvme2or32b7nwj2kftxz6q"
          },
          "sensitive_attributes": [],
          "private": "eyJlMmJmYjczMC1lY2FhLTExZTYtOGY4OC0zNDM2M2JjN2M0YzAiOnsiY3JlYXRlIjoxMjAwMDAwMDAwMDAwLCJkZWxldGUiOjEyMDAwMDAwMDAwMDAsInVwZGF0ZSI6MTIwMDAwMDAwMDAwMH19",
          "dependencies": [
            "data.oci_identity_availability_domains.ads",
            "module.Compute.oci_core_instance.bastions",
            "module.Identity.oci_identity_compartment.compartments",
            "module.LoadBalancer.oci_load_balancer_load_balancer.app_lb",
            "module.Networking.oci_core_subnet.app_subnets",
            "module.Networking.oci_core_subnet.bastion_subnets",
            "module.Networking.oci_core_subnet.lb_subnets",
            "module.Networking.oci_core_vcn.vcns"
          ]
        }
      ]
    },
    {
      "module": "module.Networking",
      "mode": "managed",
      "type": "oci_core_security_list",
      "name": "bastion_sec_lists",
      "provider": "provider[\"registry.terraform.io/hashicorp/oci\"]",
      "instances": [
        {
          "schema_version": 0,
          "attributes": {
            "compartment_id": "ocid1.compartment.oc1..aaaaaaaae77eem3m6fay7yhd6mrrn7i3i5lsireicwr37gv4lue7caba57ua",
            "defined_tags": {
              "Oracle-Tags.CreatedBy": "oracleidentitycloudservice/eperezlarosa@outlook.com",
              "Oracle-Tags.CreatedOn": "2021-09-20T08:10:08.655Z"
            },
            "display_name": "public_bastion_subnet-security_list",
            "egress_security_rules": [],
            "freeform_tags": {},
            "id": "ocid1.securitylist.oc1.iad.aaaaaaaam3ggtmh63erbht5xfavptdfq4bmottick6mncjht3glcn6pt77qa",
            "ingress_security_rules": [
              {
                "description": "",
                "icmp_options": [],
                "protocol": "6",
                "source": "162.199.218.101/32",
                "source_type": "CIDR_BLOCK",
                "stateless": false,
                "tcp_options": [
                  {
                    "max": 22,
                    "min": 22,
                    "source_port_range": []
                  }
                ],
                "udp_options": []
              }
            ],
            "state": "AVAILABLE",
            "time_created": "2021-09-20 08:10:08.698 +0000 UTC",
            "timeouts": null,
            "vcn_id": "ocid1.vcn.oc1.iad.amaaaaaadtunf7qag52crdmyyuyt3of5uvs3d3stl2f3wkw6rbffwn6w76xa"
          },
          "sensitive_attributes": [],
          "private": "eyJlMmJmYjczMC1lY2FhLTExZTYtOGY4OC0zNDM2M2JjN2M0YzAiOnsiY3JlYXRlIjoxMjAwMDAwMDAwMDAwLCJkZWxldGUiOjEyMDAwMDAwMDAwMDAsInVwZGF0ZSI6MTIwMDAwMDAwMDAwMH19",
          "dependencies": [
            "module.Identity.oci_identity_compartment.compartments",
            "module.Networking.oci_core_subnet.bastion_subnets",
            "module.Networking.oci_core_vcn.vcns"
          ]
        }
      ]
    },
    {
      "module": "module.Networking",
      "mode": "managed",
      "type": "oci_core_security_list",
      "name": "lb_sec_lists",
      "provider": "provider[\"registry.terraform.io/hashicorp/oci\"]",
      "instances": [
        {
          "schema_version": 0,
          "attributes": {
            "compartment_id": "ocid1.compartment.oc1..aaaaaaaagis7niz6nxbdgyemyvg6fq3hex4raco27ma7o2eapbopyx4apdla",
            "defined_tags": {
              "Oracle-Tags.CreatedBy": "oracleidentitycloudservice/eperezlarosa@outlook.com",
              "Oracle-Tags.CreatedOn": "2021-09-20T08:10:08.393Z"
            },
            "display_name": "public_lb_subnet-security_list",
            "egress_security_rules": [],
            "freeform_tags": {},
            "id": "ocid1.securitylist.oc1.iad.aaaaaaaavkpvz2hxi7jxodnii6sgpklaes7eaxrvfuthpd37rdur6k2y7u6a",
            "ingress_security_rules": [
              {
                "description": "",
                "icmp_options": [],
                "protocol": "6",
                "source": "0.0.0.0/0",
                "source_type": "CIDR_BLOCK",
                "stateless": false,
                "tcp_options": [
                  {
                    "max": 80,
                    "min": 80,
                    "source_port_range": []
                  }
                ],
                "udp_options": []
              }
            ],
            "state": "AVAILABLE",
            "time_created": "2021-09-20 08:10:08.426 +0000 UTC",
            "timeouts": null,
            "vcn_id": "ocid1.vcn.oc1.iad.amaaaaaadtunf7qaly63zyj56kel7wxfa5ejo5fvme2or32b7nwj2kftxz6q"
          },
          "sensitive_attributes": [],
          "private": "eyJlMmJmYjczMC1lY2FhLTExZTYtOGY4OC0zNDM2M2JjN2M0YzAiOnsiY3JlYXRlIjoxMjAwMDAwMDAwMDAwLCJkZWxldGUiOjEyMDAwMDAwMDAwMDAsInVwZGF0ZSI6MTIwMDAwMDAwMDAwMH19",
          "dependencies": [
            "module.Identity.oci_identity_compartment.compartments",
            "module.Networking.oci_core_subnet.lb_subnets",
            "module.Networking.oci_core_vcn.vcns"
          ]
        }
      ]
    },
    {
      "module": "module.Networking",
      "mode": "managed",
      "type": "oci_core_subnet",
      "name": "app_subnets",
      "provider": "provider[\"registry.terraform.io/hashicorp/oci\"]",
      "instances": [
        {
          "index_key": "app",
          "schema_version": 0,
          "attributes": {
            "availability_domain": null,
            "cidr_block": "10.0.0.0/24",
            "compartment_id": "ocid1.compartment.oc1..aaaaaaaagis7niz6nxbdgyemyvg6fq3hex4raco27ma7o2eapbopyx4apdla",
            "defined_tags": {
              "Oracle-Tags.CreatedBy": "oracleidentitycloudservice/eperezlarosa@outlook.com",
              "Oracle-Tags.CreatedOn": "2021-09-20T08:10:04.227Z"
            },
            "dhcp_options_id": "ocid1.dhcpoptions.oc1.iad.aaaaaaaasy263ie4jypezphe45wxcihwcwgqjv5mmmb6ohcgzcc5j5h2pyta",
            "display_name": "app_subnet",
            "dns_label": null,
            "freeform_tags": {},
            "id": "ocid1.subnet.oc1.iad.aaaaaaaaylf3ubgcwrziqmfwaqi4tu2fwhqptgl4zegyzzb4ft4x7lgp7e7q",
            "ipv6cidr_block": null,
            "ipv6virtual_router_ip": null,
            "prohibit_internet_ingress": false,
            "prohibit_public_ip_on_vnic": false,
            "route_table_id": "ocid1.routetable.oc1.iad.aaaaaaaabu756lxnmbkvfl5norqlvlsw3cptvjfscro6tihc52wxxxkcgwpa",
            "security_list_ids": [
              "ocid1.securitylist.oc1.iad.aaaaaaaapi4lvz26uornkpzzkuo7e5zs42hxiemdm3fy4dx4bnww7uf3errq"
            ],
            "state": "AVAILABLE",
            "subnet_domain_name": null,
            "time_created": "2021-09-20 08:10:04.916 +0000 UTC",
            "timeouts": null,
            "vcn_id": "ocid1.vcn.oc1.iad.amaaaaaadtunf7qaly63zyj56kel7wxfa5ejo5fvme2or32b7nwj2kftxz6q",
            "virtual_router_ip": "10.0.0.1",
            "virtual_router_mac": "00:00:17:EB:DF:61"
          },
          "sensitive_attributes": [],
          "private": "eyJlMmJmYjczMC1lY2FhLTExZTYtOGY4OC0zNDM2M2JjN2M0YzAiOnsiY3JlYXRlIjoxMjAwMDAwMDAwMDAwLCJkZWxldGUiOjEyMDAwMDAwMDAwMDAsInVwZGF0ZSI6MTIwMDAwMDAwMDAwMH19",
          "dependencies": [
            "module.Identity.oci_identity_compartment.compartments",
            "module.Networking.oci_core_vcn.vcns"
          ]
        }
      ]
    },
    {
      "module": "module.Networking",
      "mode": "managed",
      "type": "oci_core_subnet",
      "name": "bastion_subnets",
      "provider": "provider[\"registry.terraform.io/hashicorp/oci\"]",
      "instances": [
        {
          "index_key": "bastion",
          "schema_version": 0,
          "attributes": {
            "availability_domain": null,
            "cidr_block": "172.168.0.0/29",
            "compartment_id": "ocid1.compartment.oc1..aaaaaaaae77eem3m6fay7yhd6mrrn7i3i5lsireicwr37gv4lue7caba57ua",
            "defined_tags": {
              "Oracle-Tags.CreatedBy": "oracleidentitycloudservice/eperezlarosa@outlook.com",
              "Oracle-Tags.CreatedOn": "2021-09-20T08:10:04.455Z"
            },
            "dhcp_options_id": "ocid1.dhcpoptions.oc1.iad.aaaaaaaajjp7pbpqcozrepjndcqk4r5pir7hkd6y3yxlq6ql3e2purpzbq3a",
            "display_name": "public_bastion_subnet",
            "dns_label": null,
            "freeform_tags": {},
            "id": "ocid1.subnet.oc1.iad.aaaaaaaa27jdpazzolc5it6nuxj4x6ga2njujrwwqz3zktcxb5oskmapld7q",
            "ipv6cidr_block": null,
            "ipv6virtual_router_ip": null,
            "prohibit_internet_ingress": false,
            "prohibit_public_ip_on_vnic": false,
            "route_table_id": "ocid1.routetable.oc1.iad.aaaaaaaae4s2iuq2rceg5c2djrrwii3p2is66i5s6a5uo66t7fyejdl2uhlq",
            "security_list_ids": [
              "ocid1.securitylist.oc1.iad.aaaaaaaaztq7ybfezove72ejmfqkmu3berdnjfjdsplrkirnnslftl7aszhq"
            ],
            "state": "AVAILABLE",
            "subnet_domain_name": null,
            "time_created": "2021-09-20 08:10:04.836 +0000 UTC",
            "timeouts": null,
            "vcn_id": "ocid1.vcn.oc1.iad.amaaaaaadtunf7qag52crdmyyuyt3of5uvs3d3stl2f3wkw6rbffwn6w76xa",
            "virtual_router_ip": "172.168.0.1",
            "virtual_router_mac": "00:00:17:8B:D9:B0"
          },
          "sensitive_attributes": [],
          "private": "eyJlMmJmYjczMC1lY2FhLTExZTYtOGY4OC0zNDM2M2JjN2M0YzAiOnsiY3JlYXRlIjoxMjAwMDAwMDAwMDAwLCJkZWxldGUiOjEyMDAwMDAwMDAwMDAsInVwZGF0ZSI6MTIwMDAwMDAwMDAwMH19",
          "dependencies": [
            "module.Identity.oci_identity_compartment.compartments",
            "module.Networking.oci_core_vcn.vcns"
          ]
        }
      ]
    },
    {
      "module": "module.Networking",
      "mode": "managed",
      "type": "oci_core_subnet",
      "name": "lb_subnets",
      "provider": "provider[\"registry.terraform.io/hashicorp/oci\"]",
      "instances": [
        {
          "index_key": "lb",
          "schema_version": 0,
          "attributes": {
            "availability_domain": null,
            "cidr_block": "10.0.1.0/24",
            "compartment_id": "ocid1.compartment.oc1..aaaaaaaagis7niz6nxbdgyemyvg6fq3hex4raco27ma7o2eapbopyx4apdla",
            "defined_tags": {
              "Oracle-Tags.CreatedBy": "oracleidentitycloudservice/eperezlarosa@outlook.com",
              "Oracle-Tags.CreatedOn": "2021-09-20T08:10:04.265Z"
            },
            "dhcp_options_id": "ocid1.dhcpoptions.oc1.iad.aaaaaaaasy263ie4jypezphe45wxcihwcwgqjv5mmmb6ohcgzcc5j5h2pyta",
            "display_name": "public_lb_subnet",
            "dns_label": null,
            "freeform_tags": {},
            "id": "ocid1.subnet.oc1.iad.aaaaaaaag6fazvvf4pntjxo74r2ra234zisrx53z42m3newsamdv6znigmra",
            "ipv6cidr_block": null,
            "ipv6virtual_router_ip": null,
            "prohibit_internet_ingress": false,
            "prohibit_public_ip_on_vnic": false,
            "route_table_id": "ocid1.routetable.oc1.iad.aaaaaaaabu756lxnmbkvfl5norqlvlsw3cptvjfscro6tihc52wxxxkcgwpa",
            "security_list_ids": [
              "ocid1.securitylist.oc1.iad.aaaaaaaapi4lvz26uornkpzzkuo7e5zs42hxiemdm3fy4dx4bnww7uf3errq"
            ],
            "state": "AVAILABLE",
            "subnet_domain_name": null,
            "time_created": "2021-09-20 08:10:04.325 +0000 UTC",
            "timeouts": null,
            "vcn_id": "ocid1.vcn.oc1.iad.amaaaaaadtunf7qaly63zyj56kel7wxfa5ejo5fvme2or32b7nwj2kftxz6q",
            "virtual_router_ip": "10.0.1.1",
            "virtual_router_mac": "00:00:17:EB:DF:61"
          },
          "sensitive_attributes": [],
          "private": "eyJlMmJmYjczMC1lY2FhLTExZTYtOGY4OC0zNDM2M2JjN2M0YzAiOnsiY3JlYXRlIjoxMjAwMDAwMDAwMDAwLCJkZWxldGUiOjEyMDAwMDAwMDAwMDAsInVwZGF0ZSI6MTIwMDAwMDAwMDAwMH19",
          "dependencies": [
            "module.Identity.oci_identity_compartment.compartments",
            "module.Networking.oci_core_vcn.vcns"
          ]
        }
      ]
    },
    {
      "module": "module.Networking",
      "mode": "managed",
      "type": "oci_core_vcn",
      "name": "vcns",
      "provider": "provider[\"registry.terraform.io/hashicorp/oci\"]",
      "instances": [
        {
          "index_key": "app",
          "schema_version": 0,
          "attributes": {
            "cidr_block": "10.0.0.0/16",
            "cidr_blocks": [
              "10.0.0.0/16"
            ],
            "compartment_id": "ocid1.compartment.oc1..aaaaaaaagis7niz6nxbdgyemyvg6fq3hex4raco27ma7o2eapbopyx4apdla",
            "default_dhcp_options_id": "ocid1.dhcpoptions.oc1.iad.aaaaaaaasy263ie4jypezphe45wxcihwcwgqjv5mmmb6ohcgzcc5j5h2pyta",
            "default_route_table_id": "ocid1.routetable.oc1.iad.aaaaaaaabu756lxnmbkvfl5norqlvlsw3cptvjfscro6tihc52wxxxkcgwpa",
            "default_security_list_id": "ocid1.securitylist.oc1.iad.aaaaaaaapi4lvz26uornkpzzkuo7e5zs42hxiemdm3fy4dx4bnww7uf3errq",
            "defined_tags": {
              "Oracle-Tags.CreatedBy": "oracleidentitycloudservice/eperezlarosa@outlook.com",
              "Oracle-Tags.CreatedOn": "2021-09-20T08:10:03.170Z"
            },
            "display_name": "app_vcn",
            "dns_label": null,
            "freeform_tags": {},
            "id": "ocid1.vcn.oc1.iad.amaaaaaadtunf7qaly63zyj56kel7wxfa5ejo5fvme2or32b7nwj2kftxz6q",
            "ipv6cidr_blocks": [],
            "is_ipv6enabled": false,
            "state": "AVAILABLE",
            "time_created": "2021-09-20 08:10:03.278 +0000 UTC",
            "timeouts": null,
            "vcn_domain_name": null
          },
          "sensitive_attributes": [],
          "private": "eyJlMmJmYjczMC1lY2FhLTExZTYtOGY4OC0zNDM2M2JjN2M0YzAiOnsiY3JlYXRlIjoxMjAwMDAwMDAwMDAwLCJkZWxldGUiOjEyMDAwMDAwMDAwMDAsInVwZGF0ZSI6MTIwMDAwMDAwMDAwMH19",
          "dependencies": [
            "module.Identity.oci_identity_compartment.compartments"
          ]
        },
        {
          "index_key": "bastion",
          "schema_version": 0,
          "attributes": {
            "cidr_block": "172.168.0.0/24",
            "cidr_blocks": [
              "172.168.0.0/24"
            ],
            "compartment_id": "ocid1.compartment.oc1..aaaaaaaae77eem3m6fay7yhd6mrrn7i3i5lsireicwr37gv4lue7caba57ua",
            "default_dhcp_options_id": "ocid1.dhcpoptions.oc1.iad.aaaaaaaajjp7pbpqcozrepjndcqk4r5pir7hkd6y3yxlq6ql3e2purpzbq3a",
            "default_route_table_id": "ocid1.routetable.oc1.iad.aaaaaaaae4s2iuq2rceg5c2djrrwii3p2is66i5s6a5uo66t7fyejdl2uhlq",
            "default_security_list_id": "ocid1.securitylist.oc1.iad.aaaaaaaaztq7ybfezove72ejmfqkmu3berdnjfjdsplrkirnnslftl7aszhq",
            "defined_tags": {
              "Oracle-Tags.CreatedBy": "oracleidentitycloudservice/eperezlarosa@outlook.com",
              "Oracle-Tags.CreatedOn": "2021-09-20T08:10:03.170Z"
            },
            "display_name": "bastion_vcn",
            "dns_label": null,
            "freeform_tags": {},
            "id": "ocid1.vcn.oc1.iad.amaaaaaadtunf7qag52crdmyyuyt3of5uvs3d3stl2f3wkw6rbffwn6w76xa",
            "ipv6cidr_blocks": [],
            "is_ipv6enabled": false,
            "state": "AVAILABLE",
            "time_created": "2021-09-20 08:10:03.302 +0000 UTC",
            "timeouts": null,
            "vcn_domain_name": null
          },
          "sensitive_attributes": [],
          "private": "eyJlMmJmYjczMC1lY2FhLTExZTYtOGY4OC0zNDM2M2JjN2M0YzAiOnsiY3JlYXRlIjoxMjAwMDAwMDAwMDAwLCJkZWxldGUiOjEyMDAwMDAwMDAwMDAsInVwZGF0ZSI6MTIwMDAwMDAwMDAwMH19",
          "dependencies": [
            "module.Identity.oci_identity_compartment.compartments"
          ]
        }
      ]
    }
  ]
}
